// !$*UTF8*$!
{
	archiveVersion = 1;
	classes = {
	};
	objectVersion = 50;
	objects = {

/* Begin PBXBuildFile section */
		D826F56425C91C26006E2BFC /* Cardify.swift in Sources */ = {isa = PBXBuildFile; fileRef = D826F56325C91C26006E2BFC /* Cardify.swift */; };
		D838910E25B74592000864CD /* Theme's.swift in Sources */ = {isa = PBXBuildFile; fileRef = D838910D25B74592000864CD /* Theme's.swift */; };
		D87E957A25B418CD005FA1B6 /* Grid.swift in Sources */ = {isa = PBXBuildFile; fileRef = D87E957925B418CD005FA1B6 /* Grid.swift */; };
		D87E958225B42547005FA1B6 /* GridLayout.swift in Sources */ = {isa = PBXBuildFile; fileRef = D87E958125B42547005FA1B6 /* GridLayout.swift */; };
		D87E958525B42BE2005FA1B6 /* Extension.swift in Sources */ = {isa = PBXBuildFile; fileRef = D87E958425B42BE2005FA1B6 /* Extension.swift */; };
		D896338425ADF68900DDB45D /* MemorizeApp.swift in Sources */ = {isa = PBXBuildFile; fileRef = D896338325ADF68900DDB45D /* MemorizeApp.swift */; };
		D896338625ADF68900DDB45D /* EmojiMemoryGameView.swift in Sources */ = {isa = PBXBuildFile; fileRef = D896338525ADF68900DDB45D /* EmojiMemoryGameView.swift */; };
		D896338825ADF68C00DDB45D /* Assets.xcassets in Resources */ = {isa = PBXBuildFile; fileRef = D896338725ADF68C00DDB45D /* Assets.xcassets */; };
		D896338B25ADF68C00DDB45D /* Preview Assets.xcassets in Resources */ = {isa = PBXBuildFile; fileRef = D896338A25ADF68C00DDB45D /* Preview Assets.xcassets */; };
		D896339425AF48F600DDB45D /* MemoryGame.swift in Sources */ = {isa = PBXBuildFile; fileRef = D896339325AF48F600DDB45D /* MemoryGame.swift */; };
		D8A13E7E25AF4C8B00C3EC25 /* EmojiMemoryGame.swift in Sources */ = {isa = PBXBuildFile; fileRef = D8A13E7D25AF4C8B00C3EC25 /* EmojiMemoryGame.swift */; };
		D8F9293925C1CE7E009C8B61 /* Pie.swift in Sources */ = {isa = PBXBuildFile; fileRef = D8F9293825C1CE7E009C8B61 /* Pie.swift */; };
/* End PBXBuildFile section */

/* Begin PBXFileReference section */
		D826F56325C91C26006E2BFC /* Cardify.swift */ = {isa = PBXFileReference; lastKnownFileType = sourcecode.swift; path = Cardify.swift; sourceTree = "<group>"; };
		D838910D25B74592000864CD /* Theme's.swift */ = {isa = PBXFileReference; lastKnownFileType = sourcecode.swift; path = "Theme's.swift"; sourceTree = "<group>"; };
		D87E957925B418CD005FA1B6 /* Grid.swift */ = {isa = PBXFileReference; lastKnownFileType = sourcecode.swift; path = Grid.swift; sourceTree = "<group>"; };
		D87E958125B42547005FA1B6 /* GridLayout.swift */ = {isa = PBXFileReference; fileEncoding = 4; lastKnownFileType = sourcecode.swift; path = GridLayout.swift; sourceTree = "<group>"; };
		D87E958425B42BE2005FA1B6 /* Extension.swift */ = {isa = PBXFileReference; lastKnownFileType = sourcecode.swift; path = Extension.swift; sourceTree = "<group>"; };
		D896338025ADF68900DDB45D /* Memorize.app */ = {isa = PBXFileReference; explicitFileType = wrapper.application; includeInIndex = 0; path = Memorize.app; sourceTree = BUILT_PRODUCTS_DIR; };
		D896338325ADF68900DDB45D /* MemorizeApp.swift */ = {isa = PBXFileReference; lastKnownFileType = sourcecode.swift; path = MemorizeApp.swift; sourceTree = "<group>"; };
		D896338525ADF68900DDB45D /* EmojiMemoryGameView.swift */ = {isa = PBXFileReference; lastKnownFileType = sourcecode.swift; path = EmojiMemoryGameView.swift; sourceTree = "<group>"; };
		D896338725ADF68C00DDB45D /* Assets.xcassets */ = {isa = PBXFileReference; lastKnownFileType = folder.assetcatalog; path = Assets.xcassets; sourceTree = "<group>"; };
		D896338A25ADF68C00DDB45D /* Preview Assets.xcassets */ = {isa = PBXFileReference; lastKnownFileType = folder.assetcatalog; path = "Preview Assets.xcassets"; sourceTree = "<group>"; };
		D896338C25ADF68C00DDB45D /* Info.plist */ = {isa = PBXFileReference; lastKnownFileType = text.plist.xml; path = Info.plist; sourceTree = "<group>"; };
		D896339325AF48F600DDB45D /* MemoryGame.swift */ = {isa = PBXFileReference; lastKnownFileType = sourcecode.swift; path = MemoryGame.swift; sourceTree = "<group>"; };
		D8A13E7D25AF4C8B00C3EC25 /* EmojiMemoryGame.swift */ = {isa = PBXFileReference; lastKnownFileType = sourcecode.swift; path = EmojiMemoryGame.swift; sourceTree = "<group>"; };
		D8F9293825C1CE7E009C8B61 /* Pie.swift */ = {isa = PBXFileReference; lastKnownFileType = sourcecode.swift; path = Pie.swift; sourceTree = "<group>"; };
/* End PBXFileReference section */

/* Begin PBXFrameworksBuildPhase section */
		D896337D25ADF68900DDB45D /* Frameworks */ = {
			isa = PBXFrameworksBuildPhase;
			buildActionMask = 2147483647;
			files = (
			);
			runOnlyForDeploymentPostprocessing = 0;
		};
/* End PBXFrameworksBuildPhase section */

/* Begin PBXGroup section */
		D896337725ADF68900DDB45D = {
			isa = PBXGroup;
			children = (
				D896338225ADF68900DDB45D /* Memorize */,
				D896338125ADF68900DDB45D /* Products */,
			);
			sourceTree = "<group>";
		};
		D896338125ADF68900DDB45D /* Products */ = {
			isa = PBXGroup;
			children = (
				D896338025ADF68900DDB45D /* Memorize.app */,
			);
			name = Products;
			sourceTree = "<group>";
		};
		D896338225ADF68900DDB45D /* Memorize */ = {
			isa = PBXGroup;
			children = (
				D87E957925B418CD005FA1B6 /* Grid.swift */,
				D87E958125B42547005FA1B6 /* GridLayout.swift */,
				D896338325ADF68900DDB45D /* MemorizeApp.swift */,
				D896338525ADF68900DDB45D /* EmojiMemoryGameView.swift */,
				D826F56325C91C26006E2BFC /* Cardify.swift */,
				D8F9293825C1CE7E009C8B61 /* Pie.swift */,
				D896339325AF48F600DDB45D /* MemoryGame.swift */,
				D838910D25B74592000864CD /* Theme's.swift */,
				D87E958425B42BE2005FA1B6 /* Extension.swift */,
				D8A13E7D25AF4C8B00C3EC25 /* EmojiMemoryGame.swift */,
				D896338725ADF68C00DDB45D /* Assets.xcassets */,
				D896338C25ADF68C00DDB45D /* Info.plist */,
				D896338925ADF68C00DDB45D /* Preview Content */,
			);
			path = Memorize;
			sourceTree = "<group>";
		};
		D896338925ADF68C00DDB45D /* Preview Content */ = {
			isa = PBXGroup;
			children = (
				D896338A25ADF68C00DDB45D /* Preview Assets.xcassets */,
			);
			path = "Preview Content";
			sourceTree = "<group>";
		};
/* End PBXGroup section */

/* Begin PBXNativeTarget section */
		D896337F25ADF68900DDB45D /* Memorize */ = {
			isa = PBXNativeTarget;
			buildConfigurationList = D896338F25ADF68C00DDB45D /* Build configuration list for PBXNativeTarget "Memorize" */;
			buildPhases = (
				D896337C25ADF68900DDB45D /* Sources */,
				D896337D25ADF68900DDB45D /* Frameworks */,
				D896337E25ADF68900DDB45D /* Resources */,
			);
			buildRules = (
			);
			dependencies = (
			);
			name = Memorize;
			productName = Memorize;
			productReference = D896338025ADF68900DDB45D /* Memorize.app */;
			productType = "com.apple.product-type.application";
		};
/* End PBXNativeTarget section */

/* Begin PBXProject section */
		D896337825ADF68900DDB45D /* Project object */ = {
			isa = PBXProject;
			attributes = {
				LastSwiftUpdateCheck = 1230;
				LastUpgradeCheck = 1230;
				TargetAttributes = {
					D896337F25ADF68900DDB45D = {
						CreatedOnToolsVersion = 12.3;
					};
				};
			};
			buildConfigurationList = D896337B25ADF68900DDB45D /* Build configuration list for PBXProject "Memorize" */;
			compatibilityVersion = "Xcode 9.3";
			developmentRegion = en;
			hasScannedForEncodings = 0;
			knownRegions = (
				en,
				Base,
			);
			mainGroup = D896337725ADF68900DDB45D;
			productRefGroup = D896338125ADF68900DDB45D /* Products */;
			projectDirPath = "";
			projectRoot = "";
			targets = (
				D896337F25ADF68900DDB45D /* Memorize */,
			);
		};
/* End PBXProject section */

/* Begin PBXResourcesBuildPhase section */
		D896337E25ADF68900DDB45D /* Resources */ = {
			isa = PBXResourcesBuildPhase;
			buildActionMask = 2147483647;
			files = (
				D896338B25ADF68C00DDB45D /* Preview Assets.xcassets in Resources */,
				D896338825ADF68C00DDB45D /* Assets.xcassets in Resources */,
			);
			runOnlyForDeploymentPostprocessing = 0;
		};
/* End PBXResourcesBuildPhase section */

/* Begin PBXSourcesBuildPhase section */
		D896337C25ADF68900DDB45D /* Sources */ = {
			isa = PBXSourcesBuildPhase;
			buildActionMask = 2147483647;
			files = (
				D896339425AF48F600DDB45D /* MemoryGame.swift in Sources */,
				D896338625ADF68900DDB45D /* EmojiMemoryGameView.swift in Sources */,
				D87E958525B42BE2005FA1B6 /* Extension.swift in Sources */,
				D8F9293925C1CE7E009C8B61 /* Pie.swift in Sources */,
				D896338425ADF68900DDB45D /* MemorizeApp.swift in Sources */,
				D87E958225B42547005FA1B6 /* GridLayout.swift in Sources */,
				D838910E25B74592000864CD /* Theme's.swift in Sources */,
				D87E957A25B418CD005FA1B6 /* Grid.swift in Sources */,
				D826F56425C91C26006E2BFC /* Cardify.swift in Sources */,
				D8A13E7E25AF4C8B00C3EC25 /* EmojiMemoryGame.swift in Sources */,
			);
			runOnlyForDeploymentPostprocessing = 0;
		};
/* End PBXSourcesBuildPhase section */

/* Begin XCBuildConfiguration section */
		D896338D25ADF68C00DDB45D /* Debug */ = {
			isa = XCBuildConfiguration;
			buildSettings = {
				ALWAYS_SEARCH_USER_PATHS = NO;
				CLANG_ANALYZER_NONNULL = YES;
				CLANG_ANALYZER_NUMBER_OBJECT_CONVERSION = YES_AGGRESSIVE;
				CLANG_CXX_LANGUAGE_STANDARD = "gnu++14";
				CLANG_CXX_LIBRARY = "libc++";
				CLANG_ENABLE_MODULES = YES;
				CLANG_ENABLE_OBJC_ARC = YES;
				CLANG_ENABLE_OBJC_WEAK = YES;
				CLANG_WARN_BLOCK_CAPTURE_AUTORELEASING = YES;
				CLANG_WARN_BOOL_CONVERSION = YES;
				CLANG_WARN_COMMA = YES;
				CLANG_WARN_CONSTANT_CONVERSION = YES;
				CLANG_WARN_DEPRECATED_OBJC_IMPLEMENTATIONS = YES;
				CLANG_WARN_DIRECT_OBJC_ISA_USAGE = YES_ERROR;
				CLANG_WARN_DOCUMENTATION_COMMENTS = YES;
				CLANG_WARN_EMPTY_BODY = YES;
				CLANG_WARN_ENUM_CONVERSION = YES;
				CLANG_WARN_INFINITE_RECURSION = YES;
				CLANG_WARN_INT_CONVERSION = YES;
				CLANG_WARN_NON_LITERAL_NULL_CONVERSION = YES;
				CLANG_WARN_OBJC_IMPLICIT_RETAIN_SELF = YES;
				CLANG_WARN_OBJC_LITERAL_CONVERSION = YES;
				CLANG_WARN_OBJC_ROOT_CLASS = YES_ERROR;
				CLANG_WARN_QUOTED_INCLUDE_IN_FRAMEWORK_HEADER = YES;
				CLANG_WARN_RANGE_LOOP_ANALYSIS = YES;
				CLANG_WARN_STRICT_PROTOTYPES = YES;
				CLANG_WARN_SUSPICIOUS_MOVE = YES;
				CLANG_WARN_UNGUARDED_AVAILABILITY = YES_AGGRESSIVE;
				CLANG_WARN_UNREACHABLE_CODE = YES;
				CLANG_WARN__DUPLICATE_METHOD_MATCH = YES;
				COPY_PHASE_STRIP = NO;
				DEBUG_INFORMATION_FORMAT = dwarf;
				ENABLE_STRICT_OBJC_MSGSEND = YES;
				ENABLE_TESTABILITY = YES;
				GCC_C_LANGUAGE_STANDARD = gnu11;
				GCC_DYNAMIC_NO_PIC = NO;
				GCC_NO_COMMON_BLOCKS = YES;
				GCC_OPTIMIZATION_LEVEL = 0;
				GCC_PREPROCESSOR_DEFINITIONS = (
					"DEBUG=1",
					"$(inherited)",
				);
				GCC_WARN_64_TO_32_BIT_CONVERSION = YES;
				GCC_WARN_ABOUT_RETURN_TYPE = YES_ERROR;
				GCC_WARN_UNDECLARED_SELECTOR = YES;
				GCC_WARN_UNINITIALIZED_AUTOS = YES_AGGRESSIVE;
				GCC_WARN_UNUSED_FUNCTION = YES;
				GCC_WARN_UNUSED_VARIABLE = YES;
				IPHONEOS_DEPLOYMENT_TARGET = 14.3;
				MTL_ENABLE_DEBUG_INFO = INCLUDE_SOURCE;
				MTL_FAST_MATH = YES;
				ONLY_ACTIVE_ARCH = YES;
				SDKROOT = iphoneos;
				SWIFT_ACTIVE_COMPILATION_CONDITIONS = DEBUG;
				SWIFT_OPTIMIZATION_LEVEL = "-Onone";
			};
			name = Debug;
		};
		D896338E25ADF68C00DDB45D /* Release */ = {
			isa = XCBuildConfiguration;
			buildSettings = {
				ALWAYS_SEARCH_USER_PATHS = NO;
				CLANG_ANALYZER_NONNULL = YES;
				CLANG_ANALYZER_NUMBER_OBJECT_CONVERSION = YES_AGGRESSIVE;
				CLANG_CXX_LANGUAGE_STANDARD = "gnu++14";
				CLANG_CXX_LIBRARY = "libc++";
				CLANG_ENABLE_MODULES = YES;
				CLANG_ENABLE_OBJC_ARC = YES;
				CLANG_ENABLE_OBJC_WEAK = YES;
				CLANG_WARN_BLOCK_CAPTURE_AUTORELEASING = YES;
				CLANG_WARN_BOOL_CONVERSION = YES;
				CLANG_WARN_COMMA = YES;
				CLANG_WARN_CONSTANT_CONVERSION = YES;
				CLANG_WARN_DEPRECATED_OBJC_IMPLEMENTATIONS = YES;
				CLANG_WARN_DIRECT_OBJC_ISA_USAGE = YES_ERROR;
				CLANG_WARN_DOCUMENTATION_COMMENTS = YES;
				CLANG_WARN_EMPTY_BODY = YES;
				CLANG_WARN_ENUM_CONVERSION = YES;
				CLANG_WARN_INFINITE_RECURSION = YES;
				CLANG_WARN_INT_CONVERSION = YES;
				CLANG_WARN_NON_LITERAL_NULL_CONVERSION = YES;
				CLANG_WARN_OBJC_IMPLICIT_RETAIN_SELF = YES;
				CLANG_WARN_OBJC_LITERAL_CONVERSION = YES;
				CLANG_WARN_OBJC_ROOT_CLASS = YES_ERROR;
				CLANG_WARN_QUOTED_INCLUDE_IN_FRAMEWORK_HEADER = YES;
				CLANG_WARN_RANGE_LOOP_ANALYSIS = YES;
				CLANG_WARN_STRICT_PROTOTYPES = YES;
				CLANG_WARN_SUSPICIOUS_MOVE = YES;
				CLANG_WARN_UNGUARDED_AVAILABILITY = YES_AGGRESSIVE;
				CLANG_WARN_UNREACHABLE_CODE = YES;
				CLANG_WARN__DUPLICATE_METHOD_MATCH = YES;
				COPY_PHASE_STRIP = NO;
				DEBUG_INFORMATION_FORMAT = "dwarf-with-dsym";
				ENABLE_NS_ASSERTIONS = NO;
				ENABLE_STRICT_OBJC_MSGSEND = YES;
				GCC_C_LANGUAGE_STANDARD = gnu11;
				GCC_NO_COMMON_BLOCKS = YES;
				GCC_WARN_64_TO_32_BIT_CONVERSION = YES;
				GCC_WARN_ABOUT_RETURN_TYPE = YES_ERROR;
				GCC_WARN_UNDECLARED_SELECTOR = YES;
				GCC_WARN_UNINITIALIZED_AUTOS = YES_AGGRESSIVE;
				GCC_WARN_UNUSED_FUNCTION = YES;
				GCC_WARN_UNUSED_VARIABLE = YES;
				IPHONEOS_DEPLOYMENT_TARGET = 14.3;
				MTL_ENABLE_DEBUG_INFO = NO;
				MTL_FAST_MATH = YES;
				SDKROOT = iphoneos;
				SWIFT_COMPILATION_MODE = wholemodule;
				SWIFT_OPTIMIZATION_LEVEL = "-O";
				VALIDATE_PRODUCT = YES;
			};
			name = Release;
		};
		D896339025ADF68C00DDB45D /* Debug */ = {
			isa = XCBuildConfiguration;
			buildSettings = {
				ASSETCATALOG_COMPILER_APPICON_NAME = AppIcon;
				ASSETCATALOG_COMPILER_GLOBAL_ACCENT_COLOR_NAME = AccentColor;
				CODE_SIGN_STYLE = Automatic;
				DEVELOPMENT_ASSET_PATHS = "\"Memorize/Preview Content\"";
				ENABLE_PREVIEWS = YES;
				INFOPLIST_FILE = Memorize/Info.plist;
				IPHONEOS_DEPLOYMENT_TARGET = 14.0;
				LD_RUNPATH_SEARCH_PATHS = (
					"$(inherited)",
					"@executable_path/Frameworks",
				);
				PRODUCT_BUNDLE_IDENTIFIER = Sinordi.Memorize;
				PRODUCT_NAME = "$(TARGET_NAME)";
				SWIFT_VERSION = 5.0;
				TARGETED_DEVICE_FAMILY = "1,2";
			};
			name = Debug;
		};
		D896339125ADF68C00DDB45D /* Release */ = {
			isa = XCBuildConfiguration;
			buildSettings = {
				ASSETCATALOG_COMPILER_APPICON_NAME = AppIcon;
				ASSETCATALOG_COMPILER_GLOBAL_ACCENT_COLOR_NAME = AccentColor;
				CODE_SIGN_STYLE = Automatic;
				DEVELOPMENT_ASSET_PATHS = "\"Memorize/Preview Content\"";
				ENABLE_PREVIEWS = YES;
				INFOPLIST_FILE = Memorize/Info.plist;
				IPHONEOS_DEPLOYMENT_TARGET = 14.0;
				LD_RUNPATH_SEARCH_PATHS = (
					"$(inherited)",
					"@executable_path/Frameworks",
				);
				PRODUCT_BUNDLE_IDENTIFIER = Sinordi.Memorize;
				PRODUCT_NAME = "$(TARGET_NAME)";
				SWIFT_VERSION = 5.0;
				TARGETED_DEVICE_FAMILY = "1,2";
			};
			name = Release;
		};
/* End XCBuildConfiguration section */

/* Begin XCConfigurationList section */
		D896337B25ADF68900DDB45D /* Build configuration list for PBXProject "Memorize" */ = {
			isa = XCConfigurationList;
			buildConfigurations = (
				D896338D25ADF68C00DDB45D /* Debug */,
				D896338E25ADF68C00DDB45D /* Release */,
			);
			defaultConfigurationIsVisible = 0;
			defaultConfigurationName = Release;
		};
		D896338F25ADF68C00DDB45D /* Build configuration list for PBXNativeTarget "Memorize" */ = {
			isa = XCConfigurationList;
			buildConfigurations = (
				D896339025ADF68C00DDB45D /* Debug */,
				D896339125ADF68C00DDB45D /* Release */,
			);
			defaultConfigurationIsVisible = 0;
			defaultConfigurationName = Release;
		};
/* End XCConfigurationList section */
	};
	rootObject = D896337825ADF68900DDB45D /* Project object */;
}
